
Microsoft Visual Studio Solution File, Format Version 12.00
# Visual Studio Version 17
VisualStudioVersion = 17.1.32210.238
MinimumVisualStudioVersion = 10.0.40219.1
Project("{9A19103F-16F7-4668-BE54-9A1E7A4F7556}") = "MatchOdds.Api", "src\MatchOdds.Api\MatchOdds.Api.csproj", "{C3AB56BE-FE65-4367-A8C9-54D79410EEF1}"
EndProject
Project("{9A19103F-16F7-4668-BE54-9A1E7A4F7556}") = "MatchOdds.Data", "src\MatchOdds.Data\MatchOdds.Data.csproj", "{CD830C2E-9F0C-4664-A927-7EBAA6279B9A}"
EndProject
Project("{9A19103F-16F7-4668-BE54-9A1E7A4F7556}") = "MatchOdds.Domain", "src\MatchOdds.Domain\MatchOdds.Domain.csproj", "{11496C17-44FA-4F35-AEF9-74295E25C465}"
EndProject
Project("{FAE04EC0-301F-11D3-BF4B-00C04F79EFBC}") = "MatchOdds.Infrastructure", "src\MatchOdds.Infrastructure\MatchOdds.Infrastructure.csproj", "{9A9122E2-1F59-44A6-90A4-FA5B046E928D}"
EndProject
Project("{FAE04EC0-301F-11D3-BF4B-00C04F79EFBC}") = "MatchOdds.UnitTests", "test\MatchOdds.UnitTests\MatchOdds.UnitTests.csproj", "{251A7108-C07A-45C5-81A0-01BB5BFB328F}"
EndProject
Global
	GlobalSection(SolutionConfigurationPlatforms) = preSolution
		Debug|Any CPU = Debug|Any CPU
		Release|Any CPU = Release|Any CPU
	EndGlobalSection
	GlobalSection(ProjectConfigurationPlatforms) = postSolution
		{C3AB56BE-FE65-4367-A8C9-54D79410EEF1}.Debug|Any CPU.ActiveCfg = Debug|Any CPU
		{C3AB56BE-FE65-4367-A8C9-54D79410EEF1}.Debug|Any CPU.Build.0 = Debug|Any CPU
		{C3AB56BE-FE65-4367-A8C9-54D79410EEF1}.Release|Any CPU.ActiveCfg = Release|Any CPU
		{C3AB56BE-FE65-4367-A8C9-54D79410EEF1}.Release|Any CPU.Build.0 = Release|Any CPU
		{CD830C2E-9F0C-4664-A927-7EBAA6279B9A}.Debug|Any CPU.ActiveCfg = Debug|Any CPU
		{CD830C2E-9F0C-4664-A927-7EBAA6279B9A}.Debug|Any CPU.Build.0 = Debug|Any CPU
		{CD830C2E-9F0C-4664-A927-7EBAA6279B9A}.Release|Any CPU.ActiveCfg = Release|Any CPU
		{CD830C2E-9F0C-4664-A927-7EBAA6279B9A}.Release|Any CPU.Build.0 = Release|Any CPU
		{11496C17-44FA-4F35-AEF9-74295E25C465}.Debug|Any CPU.ActiveCfg = Debug|Any CPU
		{11496C17-44FA-4F35-AEF9-74295E25C465}.Debug|Any CPU.Build.0 = Debug|Any CPU
		{11496C17-44FA-4F35-AEF9-74295E25C465}.Release|Any CPU.ActiveCfg = Release|Any CPU
		{11496C17-44FA-4F35-AEF9-74295E25C465}.Release|Any CPU.Build.0 = Release|Any CPU
		{9A9122E2-1F59-44A6-90A4-FA5B046E928D}.Debug|Any CPU.ActiveCfg = Debug|Any CPU
		{9A9122E2-1F59-44A6-90A4-FA5B046E928D}.Debug|Any CPU.Build.0 = Debug|Any CPU
		{9A9122E2-1F59-44A6-90A4-FA5B046E928D}.Release|Any CPU.ActiveCfg = Release|Any CPU
		{9A9122E2-1F59-44A6-90A4-FA5B046E928D}.Release|Any CPU.Build.0 = Release|Any CPU
		{251A7108-C07A-45C5-81A0-01BB5BFB328F}.Debug|Any CPU.ActiveCfg = Debug|Any CPU
		{251A7108-C07A-45C5-81A0-01BB5BFB328F}.Debug|Any CPU.Build.0 = Debug|Any CPU
		{251A7108-C07A-45C5-81A0-01BB5BFB328F}.Release|Any CPU.ActiveCfg = Release|Any CPU
		{251A7108-C07A-45C5-81A0-01BB5BFB328F}.Release|Any CPU.Build.0 = Release|Any CPU
	EndGlobalSection
	GlobalSection(SolutionProperties) = preSolution
		HideSolutionNode = FALSE
	EndGlobalSection
	GlobalSection(ExtensibilityGlobals) = postSolution
		SolutionGuid = {8827B267-8A51-4A27-9F3D-F57150C303E5}
	EndGlobalSection
EndGlobal
